// !$*UTF8*$!
{
	archiveVersion = 1;
	classes = {
	};
	objectVersion = 46;
	objects = {

/* Begin PBXBuildFile section */
		433047BB1793FD6000B7E187 /* UIKit.framework in Frameworks */ = {isa = PBXBuildFile; fileRef = 433047BA1793FD6000B7E187 /* UIKit.framework */; };
		433047BD1793FD6000B7E187 /* Foundation.framework in Frameworks */ = {isa = PBXBuildFile; fileRef = 433047BC1793FD6000B7E187 /* Foundation.framework */; };
		433047BF1793FD6000B7E187 /* CoreGraphics.framework in Frameworks */ = {isa = PBXBuildFile; fileRef = 433047BE1793FD6000B7E187 /* CoreGraphics.framework */; };
		433047C51793FD6000B7E187 /* InfoPlist.strings in Resources */ = {isa = PBXBuildFile; fileRef = 433047C31793FD6000B7E187 /* InfoPlist.strings */; };
		433047C71793FD6000B7E187 /* main.m in Sources */ = {isa = PBXBuildFile; fileRef = 433047C61793FD6000B7E187 /* main.m */; };
		433047CB1793FD6000B7E187 /* AppDelegate.m in Sources */ = {isa = PBXBuildFile; fileRef = 433047CA1793FD6000B7E187 /* AppDelegate.m */; };
		433047CD1793FD6000B7E187 /* Default.png in Resources */ = {isa = PBXBuildFile; fileRef = 433047CC1793FD6000B7E187 /* Default.png */; };
		433047CF1793FD6000B7E187 /* Default@2x.png in Resources */ = {isa = PBXBuildFile; fileRef = 433047CE1793FD6000B7E187 /* Default@2x.png */; };
		433047D11793FD6000B7E187 /* Default-568h@2x.png in Resources */ = {isa = PBXBuildFile; fileRef = 433047D01793FD6000B7E187 /* Default-568h@2x.png */; };
/* End PBXBuildFile section */

/* Begin PBXFileReference section */
		433047B71793FD6000B7E187 /* xmpp.app */ = {isa = PBXFileReference; explicitFileType = wrapper.application; includeInIndex = 0; path = xmpp.app; sourceTree = BUILT_PRODUCTS_DIR; };
		433047BA1793FD6000B7E187 /* UIKit.framework */ = {isa = PBXFileReference; lastKnownFileType = wrapper.framework; name = UIKit.framework; path = System/Library/Frameworks/UIKit.framework; sourceTree = SDKROOT; };
		433047BC1793FD6000B7E187 /* Foundation.framework */ = {isa = PBXFileReference; lastKnownFileType = wrapper.framework; name = Foundation.framework; path = System/Library/Frameworks/Foundation.framework; sourceTree = SDKROOT; };
		433047BE1793FD6000B7E187 /* CoreGraphics.framework */ = {isa = PBXFileReference; lastKnownFileType = wrapper.framework; name = CoreGraphics.framework; path = System/Library/Frameworks/CoreGraphics.framework; sourceTree = SDKROOT; };
		433047C21793FD6000B7E187 /* xmpp-Info.plist */ = {isa = PBXFileReference; lastKnownFileType = text.plist.xml; path = "xmpp-Info.plist"; sourceTree = "<group>"; };
		433047C41793FD6000B7E187 /* en */ = {isa = PBXFileReference; lastKnownFileType = text.plist.strings; name = en; path = en.lproj/InfoPlist.strings; sourceTree = "<group>"; };
		433047C61793FD6000B7E187 /* main.m */ = {isa = PBXFileReference; lastKnownFileType = sourcecode.c.objc; path = main.m; sourceTree = "<group>"; };
		433047C81793FD6000B7E187 /* xmpp-Prefix.pch */ = {isa = PBXFileReference; lastKnownFileType = sourcecode.c.h; path = "xmpp-Prefix.pch"; sourceTree = "<group>"; };
		433047C91793FD6000B7E187 /* AppDelegate.h */ = {isa = PBXFileReference; lastKnownFileType = sourcecode.c.h; path = AppDelegate.h; sourceTree = "<group>"; };
		433047CA1793FD6000B7E187 /* AppDelegate.m */ = {isa = PBXFileReference; lastKnownFileType = sourcecode.c.objc; path = AppDelegate.m; sourceTree = "<group>"; };
		433047CC1793FD6000B7E187 /* Default.png */ = {isa = PBXFileReference; lastKnownFileType = image.png; path = Default.png; sourceTree = "<group>"; };
		433047CE1793FD6000B7E187 /* Default@2x.png */ = {isa = PBXFileReference; lastKnownFileType = image.png; path = "Default@2x.png"; sourceTree = "<group>"; };
		433047D01793FD6000B7E187 /* Default-568h@2x.png */ = {isa = PBXFileReference; lastKnownFileType = image.png; path = "Default-568h@2x.png"; sourceTree = "<group>"; };
/* End PBXFileReference section */

/* Begin PBXFrameworksBuildPhase section */
		433047B41793FD6000B7E187 /* Frameworks */ = {
			isa = PBXFrameworksBuildPhase;
			buildActionMask = 2147483647;
			files = (
				433047BB1793FD6000B7E187 /* UIKit.framework in Frameworks */,
				433047BD1793FD6000B7E187 /* Foundation.framework in Frameworks */,
				433047BF1793FD6000B7E187 /* CoreGraphics.framework in Frameworks */,
			);
			runOnlyForDeploymentPostprocessing = 0;
		};
/* End PBXFrameworksBuildPhase section */

/* Begin PBXGroup section */
		433047AE1793FD6000B7E187 = {
			isa = PBXGroup;
			children = (
				433047C01793FD6000B7E187 /* xmpp */,
				433047B91793FD6000B7E187 /* Frameworks */,
				433047B81793FD6000B7E187 /* Products */,
			);
			sourceTree = "<group>";
		};
		433047B81793FD6000B7E187 /* Products */ = {
			isa = PBXGroup;
			children = (
				433047B71793FD6000B7E187 /* xmpp.app */,
			);
			name = Products;
			sourceTree = "<group>";
		};
		433047B91793FD6000B7E187 /* Frameworks */ = {
			isa = PBXGroup;
			children = (
				433047BA1793FD6000B7E187 /* UIKit.framework */,
				433047BC1793FD6000B7E187 /* Foundation.framework */,
				433047BE1793FD6000B7E187 /* CoreGraphics.framework */,
			);
			name = Frameworks;
			sourceTree = "<group>";
		};
		433047C01793FD6000B7E187 /* xmpp */ = {
			isa = PBXGroup;
			children = (
				433047C91793FD6000B7E187 /* AppDelegate.h */,
				433047CA1793FD6000B7E187 /* AppDelegate.m */,
				433047C11793FD6000B7E187 /* Supporting Files */,
			);
			path = xmpp;
			sourceTree = "<group>";
		};
		433047C11793FD6000B7E187 /* Supporting Files */ = {
			isa = PBXGroup;
			children = (
				433047C21793FD6000B7E187 /* xmpp-Info.plist */,
				433047C31793FD6000B7E187 /* InfoPlist.strings */,
				433047C61793FD6000B7E187 /* main.m */,
				433047C81793FD6000B7E187 /* xmpp-Prefix.pch */,
				433047CC1793FD6000B7E187 /* Default.png */,
				433047CE1793FD6000B7E187 /* Default@2x.png */,
				433047D01793FD6000B7E187 /* Default-568h@2x.png */,
			);
			name = "Supporting Files";
			sourceTree = "<group>";
		};
/* End PBXGroup section */

/* Begin PBXNativeTarget section */
		433047B61793FD6000B7E187 /* xmpp */ = {
			isa = PBXNativeTarget;
			buildConfigurationList = 433047D41793FD6000B7E187 /* Build configuration list for PBXNativeTarget "xmpp" */;
			buildPhases = (
				433047B31793FD6000B7E187 /* Sources */,
				433047B41793FD6000B7E187 /* Frameworks */,
				433047B51793FD6000B7E187 /* Resources */,
			);
			buildRules = (
			);
			dependencies = (
			);
			name = xmpp;
			productName = xmpp;
			productReference = 433047B71793FD6000B7E187 /* xmpp.app */;
			productType = "com.apple.product-type.application";
		};
/* End PBXNativeTarget section */

/* Begin PBXProject section */
		433047AF1793FD6000B7E187 /* Project object */ = {
			isa = PBXProject;
			attributes = {
				LastUpgradeCheck = 0460;
				ORGANIZATIONNAME = "YANG HONGBO";
			};
			buildConfigurationList = 433047B21793FD6000B7E187 /* Build configuration list for PBXProject "xmpp" */;
			compatibilityVersion = "Xcode 3.2";
			developmentRegion = English;
			hasScannedForEncodings = 0;
			knownRegions = (
				en,
			);
			mainGroup = 433047AE1793FD6000B7E187;
			productRefGroup = 433047B81793FD6000B7E187 /* Products */;
			projectDirPath = "";
			projectRoot = "";
			targets = (
				433047B61793FD6000B7E187 /* xmpp */,
			);
		};
/* End PBXProject section */

/* Begin PBXResourcesBuildPhase section */
		433047B51793FD6000B7E187 /* Resources */ = {
			isa = PBXResourcesBuildPhase;
			buildActionMask = 2147483647;
			files = (
				433047C51793FD6000B7E187 /* InfoPlist.strings in Resources */,
				433047CD1793FD6000B7E187 /* Default.png in Resources */,
				433047CF1793FD6000B7E187 /* Default@2x.png in Resources */,
				433047D11793FD6000B7E187 /* Default-568h@2x.png in Resources */,
			);
			runOnlyForDeploymentPostprocessing = 0;
		};
/* End PBXResourcesBuildPhase section */

/* Begin PBXSourcesBuildPhase section */
		433047B31793FD6000B7E187 /* Sources */ = {
			isa = PBXSourcesBuildPhase;
			buildActionMask = 2147483647;
			files = (
				433047C71793FD6000B7E187 /* main.m in Sources */,
				433047CB1793FD6000B7E187 /* AppDelegate.m in Sources */,
			);
			runOnlyForDeploymentPostprocessing = 0;
		};
/* End PBXSourcesBuildPhase section */

/* Begin PBXVariantGroup section */
		433047C31793FD6000B7E187 /* InfoPlist.strings */ = {
			isa = PBXVariantGroup;
			children = (
				433047C41793FD6000B7E187 /* en */,
			);
			name = InfoPlist.strings;
			sourceTree = "<group>";
		};
/* End PBXVariantGroup section */

/* Begin XCBuildConfiguration section */
		433047D21793FD6000B7E187 /* Debug */ = {
			isa = XCBuildConfiguration;
			buildSettings = {
				ALWAYS_SEARCH_USER_PATHS = NO;
				CLANG_CXX_LANGUAGE_STANDARD = "gnu++0x";
				CLANG_CXX_LIBRARY = "libc++";
				CLANG_ENABLE_OBJC_ARC = YES;
				CLANG_WARN_CONSTANT_CONVERSION = YES;
				CLANG_WARN_EMPTY_BODY = YES;
				CLANG_WARN_ENUM_CONVERSION = YES;
				CLANG_WARN_INT_CONVERSION = YES;
				CLANG_WARN__DUPLICATE_METHOD_MATCH = YES;
				"CODE_SIGN_IDENTITY[sdk=iphoneos*]" = "iPhone Developer";
				COPY_PHASE_STRIP = NO;
				GCC_C_LANGUAGE_STANDARD = gnu99;
				GCC_DYNAMIC_NO_PIC = NO;
				GCC_OPTIMIZATION_LEVEL = 0;
				GCC_PREPROCESSOR_DEFINITIONS = (
					"DEBUG=1",
					"$(inherited)",
				);
				GCC_SYMBOLS_PRIVATE_EXTERN = NO;
				GCC_WARN_ABOUT_RETURN_TYPE = YES;
				GCC_WARN_UNINITIALIZED_AUTOS = YES;
				GCC_WARN_UNUSED_VARIABLE = YES;
				IPHONEOS_DEPLOYMENT_TARGET = 6.1;
				ONLY_ACTIVE_ARCH = YES;
				SDKROOT = iphoneos;
			};
			name = Debug;
		};
		433047D31793FD6000B7E187 /* Release */ = {
			isa = XCBuildConfiguration;
			buildSettings = {
				ALWAYS_SEARCH_USER_PATHS = NO;
				CLANG_CXX_LANGUAGE_STANDARD = "gnu++0x";
				CLANG_CXX_LIBRARY = "libc++";
				CLANG_ENABLE_OBJC_ARC = YES;
				CLANG_WARN_CONSTANT_CONVERSION = YES;
				CLANG_WARN_EMPTY_BODY = YES;
				CLANG_WARN_ENUM_CONVERSION = YES;
				CLANG_WARN_INT_CONVERSION = YES;
				CLANG_WARN__DUPLICATE_METHOD_MATCH = YES;
				"CODE_SIGN_IDENTITY[sdk=iphoneos*]" = "iPhone Developer";
				COPY_PHASE_STRIP = YES;
				GCC_C_LANGUAGE_STANDARD = gnu99;
				GCC_WARN_ABOUT_RETURN_TYPE = YES;
				GCC_WARN_UNINITIALIZED_AUTOS = YES;
				GCC_WARN_UNUSED_VARIABLE = YES;
				IPHONEOS_DEPLOYMENT_TARGET = 6.1;
				OTHER_CFLAGS = "-DNS_BLOCK_ASSERTIONS=1";
				SDKROOT = iphoneos;
				VALIDATE_PRODUCT = YES;
			};
			name = Release;
		};
		433047D51793FD6000B7E187 /* Debug */ = {
			isa = XCBuildConfiguration;
			buildSettings = {
				GCC_PRECOMPILE_PREFIX_HEADER = YES;
				GCC_PREFIX_HEADER = "xmpp/xmpp-Prefix.pch";
				INFOPLIST_FILE = "xmpp/xmpp-Info.plist";
				PRODUCT_NAME = "$(TARGET_NAME)";
				WRAPPER_EXTENSION = app;
			};
			name = Debug;
		};
		433047D61793FD6000B7E187 /* Release */ = {
			isa = XCBuildConfiguration;
			buildSettings = {
				GCC_PRECOMPILE_PREFIX_HEADER = YES;
				GCC_PREFIX_HEADER = "xmpp/xmpp-Prefix.pch";
				INFOPLIST_FILE = "xmpp/xmpp-Info.plist";
				PRODUCT_NAME = "$(TARGET_NAME)";
				WRAPPER_EXTENSION = app;
			};
			name = Release;
		};
/* End XCBuildConfiguration section */

/* Begin XCConfigurationList section */
		433047B21793FD6000B7E187 /* Build configuration list for PBXProject "xmpp" */ = {
			isa = XCConfigurationList;
			buildConfigurations = (
				433047D21793FD6000B7E187 /* Debug */,
				433047D31793FD6000B7E187 /* Release */,
			);
			defaultConfigurationIsVisible = 0;
			defaultConfigurationName = Release;
		};
		433047D41793FD6000B7E187 /* Build configuration list for PBXNativeTarget "xmpp" */ = {
			isa = XCConfigurationList;
			buildConfigurations = (
				433047D51793FD6000B7E187 /* Debug */,
				433047D61793FD6000B7E187 /* Release */,
			);
			defaultConfigurationIsVisible = 0;
		};
/* End XCConfigurationList section */
	};
	rootObject = 433047AF1793FD6000B7E187 /* Project object */;
}
